<?xml version="1.0" encoding="utf-8"?>
<Project ToolsVersion="4.0" xmlns="http://schemas.microsoft.com/developer/msbuild/2003">
  <ItemGroup>
    <Filter Include="Core">
      <UniqueIdentifier>{4a10e299-8394-459f-9efa-95e694f550b4}</UniqueIdentifier>
    </Filter>
    <Filter Include="Actor">
      <UniqueIdentifier>{4aaaa560-473a-4c66-8469-e10cc84bb8f2}</UniqueIdentifier>
    </Filter>
    <Filter Include="Scene">
      <UniqueIdentifier>{e4807e2c-afef-4edb-9936-619dd076fb71}</UniqueIdentifier>
    </Filter>
    <Filter Include="UI">
      <UniqueIdentifier>{06a90148-1460-4d3d-902e-c757000a1d32}</UniqueIdentifier>
    </Filter>
  </ItemGroup>
  <ItemGroup>
    <ClCompile Include="Source\main.cpp">
      <Filter>Core</Filter>
    </ClCompile>
    <ClCompile Include="Source\Console.cpp">
      <Filter>Core</Filter>
    </ClCompile>
    <ClCompile Include="Source\Random.cpp">
      <Filter>Core</Filter>
    </ClCompile>
    <ClCompile Include="Source\GameObject.cpp">
      <Filter>Core</Filter>
    </ClCompile>
    <ClCompile Include="Source\Game.cpp">
      <Filter>Core</Filter>
    </ClCompile>
    <ClCompile Include="Source\Bullet.cpp">
      <Filter>Actor</Filter>
    </ClCompile>
    <ClCompile Include="Source\Player.cpp">
      <Filter>Actor</Filter>
    </ClCompile>
    <ClCompile Include="Source\Star.cpp">
      <Filter>Actor</Filter>
    </ClCompile>
    <ClCompile Include="Source\Enemy.cpp">
      <Filter>Actor</Filter>
    </ClCompile>
    <ClCompile Include="Source\EnemyBullet.cpp">
      <Filter>Actor</Filter>
    </ClCompile>
    <ClCompile Include="Source\UrosEnemy.cpp">
      <Filter>Actor</Filter>
    </ClCompile>
    <ClCompile Include="Source\CallEnemy.cpp">
      <Filter>Actor</Filter>
    </ClCompile>
    <ClCompile Include="Source\StarmanEnemy.cpp">
      <Filter>Actor</Filter>
    </ClCompile>
    <ClCompile Include="Source\Scene.cpp">
      <Filter>Scene</Filter>
    </ClCompile>
    <ClCompile Include="Source\TitleScene.cpp">
      <Filter>Scene</Filter>
    </ClCompile>
    <ClCompile Include="Source\NameEntryScene.cpp">
      <Filter>Scene</Filter>
    </ClCompile>
    <ClCompile Include="Source\ShipSelectScene.cpp">
      <Filter>Scene</Filter>
    </ClCompile>
    <ClCompile Include="Source\StageIntroScene.cpp">
      <Filter>Scene</Filter>
    </ClCompile>
    <ClCompile Include="Source\GameplayScene.cpp">
      <Filter>Scene</Filter>
    </ClCompile>
    <ClCompile Include="Source\ResultScene.cpp">
      <Filter>Scene</Filter>
    </ClCompile>
    <ClCompile Include="Source\RankingScene.cpp">
      <Filter>Scene</Filter>
    </ClCompile>
    <ClCompile Include="Source\Embed.cpp">
      <Filter>UI</Filter>
    </ClCompile>
    <ClCompile Include="Source\RankingData.cpp">
      <Filter>UI</Filter>
    </ClCompile>
  </ItemGroup>
  <ItemGroup>
    <ClInclude Include="Source\Typedef.h">
      <Filter>Core</Filter>
    </ClInclude>
    <ClInclude Include="Source\Config.h">
      <Filter>Core</Filter>
    </ClInclude>
    <ClInclude Include="Source\Console.h">
      <Filter>Core</Filter>
    </ClInclude>
    <ClInclude Include="Source\Random.h">
      <Filter>Core</Filter>
    </ClInclude>
    <ClInclude Include="Source\GameObject.h">
      <Filter>Core</Filter>
    </ClInclude>
    <ClInclude Include="Source\Game.h">
      <Filter>Core</Filter>
    </ClInclude>
    <ClInclude Include="Source\Bullet.h">
      <Filter>Actor</Filter>
    </ClInclude>
    <ClInclude Include="Source\Player.h">
      <Filter>Actor</Filter>
    </ClInclude>
    <ClInclude Include="Source\Star.h">
      <Filter>Actor</Filter>
    </ClInclude>
    <ClInclude Include="Source\Enemy.h">
      <Filter>Actor</Filter>
    </ClInclude>
    <ClInclude Include="Source\EnemyBullet.h">
      <Filter>Actor</Filter>
    </ClInclude>
    <ClInclude Include="Source\UrosEnemy.h">
      <Filter>Actor</Filter>
    </ClInclude>
    <ClInclude Include="Source\CallEnemy.h">
      <Filter>Actor</Filter>
    </ClInclude>
    <ClInclude Include="Source\StarmanEnemy.h">
      <Filter>Actor</Filter>
    </ClInclude>
    <ClInclude Include="Source\Scene.h">
      <Filter>Scene</Filter>
    </ClInclude>
    <ClInclude Include="Source\TitleScene.h">
      <Filter>Scene</Filter>
    </ClInclude>
    <ClInclude Include="Source\NameEntryScene.h">
      <Filter>Scene</Filter>
    </ClInclude>
    <ClInclude Include="Source\ShipSelectScene.h">
      <Filter>Scene</Filter>
    </ClInclude>
    <ClInclude Include="Source\StageIntroScene.h">
      <Filter>Scene</Filter>
    </ClInclude>
    <ClInclude Include="Source\GameplayScene.h">
      <Filter>Scene</Filter>
    </ClInclude>
    <ClInclude Include="Source\ResultScene.h">
      <Filter>Scene</Filter>
    </ClInclude>
    <ClInclude Include="Source\RankingScene.h">
      <Filter>Scene</Filter>
    </ClInclude>
    <ClInclude Include="Source\Embed.h">
      <Filter>UI</Filter>
    </ClInclude>
    <ClInclude Include="Source\RankingData.h">
      <Filter>UI</Filter>
    </ClInclude>
  </ItemGroup>
</Project>
